
Microsoft Visual Studio Solution File, Format Version 12.00
# Visual Studio Version 16
VisualStudioVersion = 16.0.30204.135
MinimumVisualStudioVersion = 10.0.40219.1
Project("{FAE04EC0-301F-11D3-BF4B-00C04F79EFBC}") = "ezmute", "ezmute.csproj", "{248563A3-71C2-4B60-ACF5-F32D7E97B47C}"
EndProject
Global
	GlobalSection(SolutionConfigurationPlatforms) = preSolution
		Debug|Any CPU = Debug|Any CPU
		Release|Any CPU = Release|Any CPU
	EndGlobalSection
	GlobalSection(ProjectConfigurationPlatforms) = postSolution
		{248563A3-71C2-4B60-ACF5-F32D7E97B47C}.Debug|Any CPU.ActiveCfg = Debug|Any CPU
		{248563A3-71C2-4B60-ACF5-F32D7E97B47C}.Debug|Any CPU.Build.0 = Debug|Any CPU
		{248563A3-71C2-4B60-ACF5-F32D7E97B47C}.Release|Any CPU.ActiveCfg = Release|Any CPU
		{248563A3-71C2-4B60-ACF5-F32D7E97B47C}.Release|Any CPU.Build.0 = Release|Any CPU
	EndGlobalSection
	GlobalSection(SolutionProperties) = preSolution
		HideSolutionNode = FALSE
	EndGlobalSection
	GlobalSection(ExtensibilityGlobals) = postSolution
		SolutionGuid = {F2B80F18-2D28-4A4D-A0EF-8D4450CFA1DA}
	EndGlobalSection
EndGlobal
